// !$*UTF8*$!
{
	archiveVersion = 1;
	classes = {
	};
	objectVersion = 46;
	objects = {

/* Begin PBXBuildFile section */
		96122D181B14A9F30085D5CA /* AppDelegate.swift in Sources */ = {isa = PBXBuildFile; fileRef = 96122D171B14A9F30085D5CA /* AppDelegate.swift */; };
		96122D1A1B14A9F30085D5CA /* ViewController.swift in Sources */ = {isa = PBXBuildFile; fileRef = 96122D191B14A9F30085D5CA /* ViewController.swift */; };
		96122D1D1B14A9F30085D5CA /* Main.storyboard in Resources */ = {isa = PBXBuildFile; fileRef = 96122D1B1B14A9F30085D5CA /* Main.storyboard */; };
		96122D1F1B14A9F30085D5CA /* Images.xcassets in Resources */ = {isa = PBXBuildFile; fileRef = 96122D1E1B14A9F30085D5CA /* Images.xcassets */; };
		96122D221B14A9F30085D5CA /* LaunchScreen.xib in Resources */ = {isa = PBXBuildFile; fileRef = 96122D201B14A9F30085D5CA /* LaunchScreen.xib */; };
		96122D2E1B14A9F30085D5CA /* sheepsTests.swift in Sources */ = {isa = PBXBuildFile; fileRef = 96122D2D1B14A9F30085D5CA /* sheepsTests.swift */; };
		B4AAC2971B15F6EA002F06A7 /* AVFoundation.framework in Frameworks */ = {isa = PBXBuildFile; fileRef = B4AAC2961B15F6EA002F06A7 /* AVFoundation.framework */; };
		B4AAC2991B15F6F2002F06A7 /* AVKit.framework in Frameworks */ = {isa = PBXBuildFile; fileRef = B4AAC2981B15F6F2002F06A7 /* AVKit.framework */; };
		B4AAC29B1B15F6F8002F06A7 /* Foundation.framework in Frameworks */ = {isa = PBXBuildFile; fileRef = B4AAC29A1B15F6F8002F06A7 /* Foundation.framework */; };
		B4AAC2A91B16118F002F06A7 /* menu.wav in Resources */ = {isa = PBXBuildFile; fileRef = B4AAC2A81B16118F002F06A7 /* menu.wav */; };
		B4AAC2AD1B162156002F06A7 /* robot1.png in Resources */ = {isa = PBXBuildFile; fileRef = B4AAC2AA1B162156002F06A7 /* robot1.png */; };
		B4AAC2AE1B162156002F06A7 /* robot2.png in Resources */ = {isa = PBXBuildFile; fileRef = B4AAC2AB1B162156002F06A7 /* robot2.png */; };
		B4AAC2AF1B162156002F06A7 /* robot3.png in Resources */ = {isa = PBXBuildFile; fileRef = B4AAC2AC1B162156002F06A7 /* robot3.png */; };
		B4AAC2B11B1755B8002F06A7 /* red.png in Resources */ = {isa = PBXBuildFile; fileRef = B4AAC2B01B1755B8002F06A7 /* red.png */; };
		B4AAC2B31B1755D9002F06A7 /* blue.png in Resources */ = {isa = PBXBuildFile; fileRef = B4AAC2B21B1755D9002F06A7 /* blue.png */; };
		B4AAC2B51B176455002F06A7 /* deadSheep.png in Resources */ = {isa = PBXBuildFile; fileRef = B4AAC2B41B176455002F06A7 /* deadSheep.png */; };
		B4AAC2B71B176780002F06A7 /* game.wav in Resources */ = {isa = PBXBuildFile; fileRef = B4AAC2B61B176780002F06A7 /* game.wav */; };
		B4AAC2B91B1769EF002F06A7 /* eat.wav in Resources */ = {isa = PBXBuildFile; fileRef = B4AAC2B81B1769EF002F06A7 /* eat.wav */; };
		B4AAC2BB1B176A0B002F06A7 /* die.wav in Resources */ = {isa = PBXBuildFile; fileRef = B4AAC2BA1B176A0B002F06A7 /* die.wav */; };
		B4AAC2BD1B176DA5002F06A7 /* Restart.png in Resources */ = {isa = PBXBuildFile; fileRef = B4AAC2BC1B176DA5002F06A7 /* Restart.png */; };
		B4AAC2BF1B1773EF002F06A7 /* title.png in Resources */ = {isa = PBXBuildFile; fileRef = B4AAC2BE1B1773EF002F06A7 /* title.png */; };
		B4BC1EC61B14E04900B67AE7 /* arrow.png in Resources */ = {isa = PBXBuildFile; fileRef = B4BC1EC41B14E04900B67AE7 /* arrow.png */; };
		B4BC1EC91B14E0D900B67AE7 /* Start.png in Resources */ = {isa = PBXBuildFile; fileRef = B4BC1EC81B14E0D900B67AE7 /* Start.png */; };
		B4BC1ECB1B14E7F300B67AE7 /* sheep.png in Resources */ = {isa = PBXBuildFile; fileRef = B4BC1ECA1B14E7F300B67AE7 /* sheep.png */; };
		B4BC1ECD1B14E8EA00B67AE7 /* movement.swift in Sources */ = {isa = PBXBuildFile; fileRef = B4BC1ECC1B14E8EA00B67AE7 /* movement.swift */; };
		B4BC1ECF1B14FCC900B67AE7 /* gameBG.png in Resources */ = {isa = PBXBuildFile; fileRef = B4BC1ECE1B14FCC900B67AE7 /* gameBG.png */; };
/* End PBXBuildFile section */

/* Begin PBXContainerItemProxy section */
		96122D281B14A9F30085D5CA /* PBXContainerItemProxy */ = {
			isa = PBXContainerItemProxy;
			containerPortal = 96122D0A1B14A9F20085D5CA /* Project object */;
			proxyType = 1;
			remoteGlobalIDString = 96122D111B14A9F30085D5CA;
			remoteInfo = sheeps;
		};
/* End PBXContainerItemProxy section */

/* Begin PBXFileReference section */
		96122D121B14A9F30085D5CA /* sheeps.app */ = {isa = PBXFileReference; explicitFileType = wrapper.application; includeInIndex = 0; path = sheeps.app; sourceTree = BUILT_PRODUCTS_DIR; };
		96122D161B14A9F30085D5CA /* Info.plist */ = {isa = PBXFileReference; lastKnownFileType = text.plist.xml; path = Info.plist; sourceTree = "<group>"; };
		96122D171B14A9F30085D5CA /* AppDelegate.swift */ = {isa = PBXFileReference; lastKnownFileType = sourcecode.swift; path = AppDelegate.swift; sourceTree = "<group>"; };
		96122D191B14A9F30085D5CA /* ViewController.swift */ = {isa = PBXFileReference; lastKnownFileType = sourcecode.swift; path = ViewController.swift; sourceTree = "<group>"; };
		96122D1C1B14A9F30085D5CA /* Base */ = {isa = PBXFileReference; lastKnownFileType = file.storyboard; name = Base; path = Base.lproj/Main.storyboard; sourceTree = "<group>"; };
		96122D1E1B14A9F30085D5CA /* Images.xcassets */ = {isa = PBXFileReference; lastKnownFileType = folder.assetcatalog; path = Images.xcassets; sourceTree = "<group>"; };
		96122D211B14A9F30085D5CA /* Base */ = {isa = PBXFileReference; lastKnownFileType = file.xib; name = Base; path = Base.lproj/LaunchScreen.xib; sourceTree = "<group>"; };
		96122D271B14A9F30085D5CA /* sheepsTests.xctest */ = {isa = PBXFileReference; explicitFileType = wrapper.cfbundle; includeInIndex = 0; path = sheepsTests.xctest; sourceTree = BUILT_PRODUCTS_DIR; };
		96122D2C1B14A9F30085D5CA /* Info.plist */ = {isa = PBXFileReference; lastKnownFileType = text.plist.xml; path = Info.plist; sourceTree = "<group>"; };
		96122D2D1B14A9F30085D5CA /* sheepsTests.swift */ = {isa = PBXFileReference; lastKnownFileType = sourcecode.swift; path = sheepsTests.swift; sourceTree = "<group>"; };
		B4AAC2961B15F6EA002F06A7 /* AVFoundation.framework */ = {isa = PBXFileReference; lastKnownFileType = wrapper.framework; name = AVFoundation.framework; path = System/Library/Frameworks/AVFoundation.framework; sourceTree = SDKROOT; };
		B4AAC2981B15F6F2002F06A7 /* AVKit.framework */ = {isa = PBXFileReference; lastKnownFileType = wrapper.framework; name = AVKit.framework; path = System/Library/Frameworks/AVKit.framework; sourceTree = SDKROOT; };
		B4AAC29A1B15F6F8002F06A7 /* Foundation.framework */ = {isa = PBXFileReference; lastKnownFileType = wrapper.framework; name = Foundation.framework; path = System/Library/Frameworks/Foundation.framework; sourceTree = SDKROOT; };
		B4AAC2A81B16118F002F06A7 /* menu.wav */ = {isa = PBXFileReference; lastKnownFileType = audio.wav; path = menu.wav; sourceTree = "<group>"; };
		B4AAC2AA1B162156002F06A7 /* robot1.png */ = {isa = PBXFileReference; lastKnownFileType = image.png; path = robot1.png; sourceTree = "<group>"; };
		B4AAC2AB1B162156002F06A7 /* robot2.png */ = {isa = PBXFileReference; lastKnownFileType = image.png; path = robot2.png; sourceTree = "<group>"; };
		B4AAC2AC1B162156002F06A7 /* robot3.png */ = {isa = PBXFileReference; lastKnownFileType = image.png; path = robot3.png; sourceTree = "<group>"; };
		B4AAC2B01B1755B8002F06A7 /* red.png */ = {isa = PBXFileReference; lastKnownFileType = image.png; path = red.png; sourceTree = "<group>"; };
		B4AAC2B21B1755D9002F06A7 /* blue.png */ = {isa = PBXFileReference; lastKnownFileType = image.png; path = blue.png; sourceTree = "<group>"; };
		B4AAC2B41B176455002F06A7 /* deadSheep.png */ = {isa = PBXFileReference; lastKnownFileType = image.png; path = deadSheep.png; sourceTree = "<group>"; };
		B4AAC2B61B176780002F06A7 /* game.wav */ = {isa = PBXFileReference; lastKnownFileType = audio.wav; path = game.wav; sourceTree = "<group>"; };
		B4AAC2B81B1769EF002F06A7 /* eat.wav */ = {isa = PBXFileReference; lastKnownFileType = audio.wav; path = eat.wav; sourceTree = "<group>"; };
		B4AAC2BA1B176A0B002F06A7 /* die.wav */ = {isa = PBXFileReference; lastKnownFileType = audio.wav; path = die.wav; sourceTree = "<group>"; };
		B4AAC2BC1B176DA5002F06A7 /* Restart.png */ = {isa = PBXFileReference; lastKnownFileType = image.png; path = Restart.png; sourceTree = "<group>"; };
		B4AAC2BE1B1773EF002F06A7 /* title.png */ = {isa = PBXFileReference; lastKnownFileType = image.png; path = title.png; sourceTree = "<group>"; };
		B4BC1EC41B14E04900B67AE7 /* arrow.png */ = {isa = PBXFileReference; lastKnownFileType = image.png; path = arrow.png; sourceTree = "<group>"; };
		B4BC1EC81B14E0D900B67AE7 /* Start.png */ = {isa = PBXFileReference; lastKnownFileType = image.png; path = Start.png; sourceTree = "<group>"; };
		B4BC1ECA1B14E7F300B67AE7 /* sheep.png */ = {isa = PBXFileReference; lastKnownFileType = image.png; path = sheep.png; sourceTree = "<group>"; };
		B4BC1ECC1B14E8EA00B67AE7 /* movement.swift */ = {isa = PBXFileReference; fileEncoding = 4; lastKnownFileType = sourcecode.swift; path = movement.swift; sourceTree = "<group>"; };
		B4BC1ECE1B14FCC900B67AE7 /* gameBG.png */ = {isa = PBXFileReference; lastKnownFileType = image.png; path = gameBG.png; sourceTree = "<group>"; };
/* End PBXFileReference section */

/* Begin PBXFrameworksBuildPhase section */
		96122D0F1B14A9F30085D5CA /* Frameworks */ = {
			isa = PBXFrameworksBuildPhase;
			buildActionMask = 2147483647;
			files = (
				B4AAC29B1B15F6F8002F06A7 /* Foundation.framework in Frameworks */,
				B4AAC2991B15F6F2002F06A7 /* AVKit.framework in Frameworks */,
				B4AAC2971B15F6EA002F06A7 /* AVFoundation.framework in Frameworks */,
			);
			runOnlyForDeploymentPostprocessing = 0;
		};
		96122D241B14A9F30085D5CA /* Frameworks */ = {
			isa = PBXFrameworksBuildPhase;
			buildActionMask = 2147483647;
			files = (
			);
			runOnlyForDeploymentPostprocessing = 0;
		};
/* End PBXFrameworksBuildPhase section */

/* Begin PBXGroup section */
		96122D091B14A9F20085D5CA = {
			isa = PBXGroup;
			children = (
				B4AAC29A1B15F6F8002F06A7 /* Foundation.framework */,
				B4AAC2981B15F6F2002F06A7 /* AVKit.framework */,
				B4AAC2961B15F6EA002F06A7 /* AVFoundation.framework */,
				96122D141B14A9F30085D5CA /* sheeps */,
				96122D2A1B14A9F30085D5CA /* sheepsTests */,
				96122D131B14A9F30085D5CA /* Products */,
			);
			sourceTree = "<group>";
			usesTabs = 0;
		};
		96122D131B14A9F30085D5CA /* Products */ = {
			isa = PBXGroup;
			children = (
				96122D121B14A9F30085D5CA /* sheeps.app */,
				96122D271B14A9F30085D5CA /* sheepsTests.xctest */,
			);
			name = Products;
			sourceTree = "<group>";
		};
		96122D141B14A9F30085D5CA /* sheeps */ = {
			isa = PBXGroup;
			children = (
				96122D171B14A9F30085D5CA /* AppDelegate.swift */,
				96122D191B14A9F30085D5CA /* ViewController.swift */,
				B4BC1ECC1B14E8EA00B67AE7 /* movement.swift */,
				96122D1B1B14A9F30085D5CA /* Main.storyboard */,
				B4BC1EC41B14E04900B67AE7 /* arrow.png */,
				B4BC1EC81B14E0D900B67AE7 /* Start.png */,
				B4AAC2BC1B176DA5002F06A7 /* Restart.png */,
				B4BC1ECA1B14E7F300B67AE7 /* sheep.png */,
				B4AAC2B41B176455002F06A7 /* deadSheep.png */,
				B4BC1ECE1B14FCC900B67AE7 /* gameBG.png */,
				B4AAC2AA1B162156002F06A7 /* robot1.png */,
				B4AAC2AB1B162156002F06A7 /* robot2.png */,
				B4AAC2AC1B162156002F06A7 /* robot3.png */,
				B4AAC2B21B1755D9002F06A7 /* blue.png */,
				B4AAC2B01B1755B8002F06A7 /* red.png */,
				B4AAC2BE1B1773EF002F06A7 /* title.png */,
				96122D1E1B14A9F30085D5CA /* Images.xcassets */,
				B4AAC2B61B176780002F06A7 /* game.wav */,
				B4AAC2A81B16118F002F06A7 /* menu.wav */,
				B4AAC2B81B1769EF002F06A7 /* eat.wav */,
				B4AAC2BA1B176A0B002F06A7 /* die.wav */,
				96122D201B14A9F30085D5CA /* LaunchScreen.xib */,
				96122D151B14A9F30085D5CA /* Supporting Files */,
			);
			path = sheeps;
			sourceTree = "<group>";
		};
		96122D151B14A9F30085D5CA /* Supporting Files */ = {
			isa = PBXGroup;
			children = (
				96122D161B14A9F30085D5CA /* Info.plist */,
				B4BC1ED01B15083E00B67AE7 /* Music */,
			);
			name = "Supporting Files";
			sourceTree = "<group>";
		};
		96122D2A1B14A9F30085D5CA /* sheepsTests */ = {
			isa = PBXGroup;
			children = (
				96122D2D1B14A9F30085D5CA /* sheepsTests.swift */,
				96122D2B1B14A9F30085D5CA /* Supporting Files */,
			);
			path = sheepsTests;
			sourceTree = "<group>";
		};
		96122D2B1B14A9F30085D5CA /* Supporting Files */ = {
			isa = PBXGroup;
			children = (
				96122D2C1B14A9F30085D5CA /* Info.plist */,
			);
			name = "Supporting Files";
			sourceTree = "<group>";
		};
		B4BC1ED01B15083E00B67AE7 /* Music */ = {
			isa = PBXGroup;
			children = (
			);
			name = Music;
			sourceTree = "<group>";
		};
/* End PBXGroup section */

/* Begin PBXNativeTarget section */
		96122D111B14A9F30085D5CA /* sheeps */ = {
			isa = PBXNativeTarget;
			buildConfigurationList = 96122D311B14A9F30085D5CA /* Build configuration list for PBXNativeTarget "sheeps" */;
			buildPhases = (
				96122D0E1B14A9F30085D5CA /* Sources */,
				96122D0F1B14A9F30085D5CA /* Frameworks */,
				96122D101B14A9F30085D5CA /* Resources */,
			);
			buildRules = (
			);
			dependencies = (
			);
			name = sheeps;
			productName = sheeps;
			productReference = 96122D121B14A9F30085D5CA /* sheeps.app */;
			productType = "com.apple.product-type.application";
		};
		96122D261B14A9F30085D5CA /* sheepsTests */ = {
			isa = PBXNativeTarget;
			buildConfigurationList = 96122D341B14A9F30085D5CA /* Build configuration list for PBXNativeTarget "sheepsTests" */;
			buildPhases = (
				96122D231B14A9F30085D5CA /* Sources */,
				96122D241B14A9F30085D5CA /* Frameworks */,
				96122D251B14A9F30085D5CA /* Resources */,
			);
			buildRules = (
			);
			dependencies = (
				96122D291B14A9F30085D5CA /* PBXTargetDependency */,
			);
			name = sheepsTests;
			productName = sheepsTests;
			productReference = 96122D271B14A9F30085D5CA /* sheepsTests.xctest */;
			productType = "com.apple.product-type.bundle.unit-test";
		};
/* End PBXNativeTarget section */

/* Begin PBXProject section */
		96122D0A1B14A9F20085D5CA /* Project object */ = {
			isa = PBXProject;
			attributes = {
				LastUpgradeCheck = 0630;
				ORGANIZATIONNAME = Xterm2015;
				TargetAttributes = {
					96122D111B14A9F30085D5CA = {
						CreatedOnToolsVersion = 6.3.1;
					};
					96122D261B14A9F30085D5CA = {
						CreatedOnToolsVersion = 6.3.1;
						TestTargetID = 96122D111B14A9F30085D5CA;
					};
				};
			};
			buildConfigurationList = 96122D0D1B14A9F20085D5CA /* Build configuration list for PBXProject "sheeps" */;
			compatibilityVersion = "Xcode 3.2";
			developmentRegion = English;
			hasScannedForEncodings = 0;
			knownRegions = (
				en,
				Base,
			);
			mainGroup = 96122D091B14A9F20085D5CA;
			productRefGroup = 96122D131B14A9F30085D5CA /* Products */;
			projectDirPath = "";
			projectRoot = "";
			targets = (
				96122D111B14A9F30085D5CA /* sheeps */,
				96122D261B14A9F30085D5CA /* sheepsTests */,
			);
		};
/* End PBXProject section */

/* Begin PBXResourcesBuildPhase section */
		96122D101B14A9F30085D5CA /* Resources */ = {
			isa = PBXResourcesBuildPhase;
			buildActionMask = 2147483647;
			files = (
				B4AAC2B71B176780002F06A7 /* game.wav in Resources */,
				B4AAC2AF1B162156002F06A7 /* robot3.png in Resources */,
				B4AAC2A91B16118F002F06A7 /* menu.wav in Resources */,
				B4AAC2BF1B1773EF002F06A7 /* title.png in Resources */,
				96122D1D1B14A9F30085D5CA /* Main.storyboard in Resources */,
				B4AAC2B51B176455002F06A7 /* deadSheep.png in Resources */,
				B4BC1ECB1B14E7F300B67AE7 /* sheep.png in Resources */,
				96122D221B14A9F30085D5CA /* LaunchScreen.xib in Resources */,
				B4AAC2AD1B162156002F06A7 /* robot1.png in Resources */,
				B4AAC2B31B1755D9002F06A7 /* blue.png in Resources */,
				96122D1F1B14A9F30085D5CA /* Images.xcassets in Resources */,
				B4BC1ECF1B14FCC900B67AE7 /* gameBG.png in Resources */,
				B4BC1EC61B14E04900B67AE7 /* arrow.png in Resources */,
				B4AAC2B11B1755B8002F06A7 /* red.png in Resources */,
				B4AAC2BD1B176DA5002F06A7 /* Restart.png in Resources */,
				B4AAC2B91B1769EF002F06A7 /* eat.wav in Resources */,
				B4AAC2AE1B162156002F06A7 /* robot2.png in Resources */,
				B4AAC2BB1B176A0B002F06A7 /* die.wav in Resources */,
				B4BC1EC91B14E0D900B67AE7 /* Start.png in Resources */,
			);
			runOnlyForDeploymentPostprocessing = 0;
		};
		96122D251B14A9F30085D5CA /* Resources */ = {
			isa = PBXResourcesBuildPhase;
			buildActionMask = 2147483647;
			files = (
			);
			runOnlyForDeploymentPostprocessing = 0;
		};
/* End PBXResourcesBuildPhase section */

/* Begin PBXSourcesBuildPhase section */
		96122D0E1B14A9F30085D5CA /* Sources */ = {
			isa = PBXSourcesBuildPhase;
			buildActionMask = 2147483647;
			files = (
				96122D1A1B14A9F30085D5CA /* ViewController.swift in Sources */,
				B4BC1ECD1B14E8EA00B67AE7 /* movement.swift in Sources */,
				96122D181B14A9F30085D5CA /* AppDelegate.swift in Sources */,
			);
			runOnlyForDeploymentPostprocessing = 0;
		};
		96122D231B14A9F30085D5CA /* Sources */ = {
			isa = PBXSourcesBuildPhase;
			buildActionMask = 2147483647;
			files = (
				96122D2E1B14A9F30085D5CA /* sheepsTests.swift in Sources */,
			);
			runOnlyForDeploymentPostprocessing = 0;
		};
/* End PBXSourcesBuildPhase section */

/* Begin PBXTargetDependency section */
		96122D291B14A9F30085D5CA /* PBXTargetDependency */ = {
			isa = PBXTargetDependency;
			target = 96122D111B14A9F30085D5CA /* sheeps */;
			targetProxy = 96122D281B14A9F30085D5CA /* PBXContainerItemProxy */;
		};
/* End PBXTargetDependency section */

/* Begin PBXVariantGroup section */
		96122D1B1B14A9F30085D5CA /* Main.storyboard */ = {
			isa = PBXVariantGroup;
			children = (
				96122D1C1B14A9F30085D5CA /* Base */,
			);
			name = Main.storyboard;
			sourceTree = "<group>";
		};
		96122D201B14A9F30085D5CA /* LaunchScreen.xib */ = {
			isa = PBXVariantGroup;
			children = (
				96122D211B14A9F30085D5CA /* Base */,
			);
			name = LaunchScreen.xib;
			sourceTree = "<group>";
		};
/* End PBXVariantGroup section */

/* Begin XCBuildConfiguration section */
		96122D2F1B14A9F30085D5CA /* Debug */ = {
			isa = XCBuildConfiguration;
			buildSettings = {
				ALWAYS_SEARCH_USER_PATHS = NO;
				CLANG_CXX_LANGUAGE_STANDARD = "gnu++0x";
				CLANG_CXX_LIBRARY = "libc++";
				CLANG_ENABLE_MODULES = YES;
				CLANG_ENABLE_OBJC_ARC = YES;
				CLANG_WARN_BOOL_CONVERSION = YES;
				CLANG_WARN_CONSTANT_CONVERSION = YES;
				CLANG_WARN_DIRECT_OBJC_ISA_USAGE = YES_ERROR;
				CLANG_WARN_EMPTY_BODY = YES;
				CLANG_WARN_ENUM_CONVERSION = YES;
				CLANG_WARN_INT_CONVERSION = YES;
				CLANG_WARN_OBJC_ROOT_CLASS = YES_ERROR;
				CLANG_WARN_UNREACHABLE_CODE = YES;
				CLANG_WARN__DUPLICATE_METHOD_MATCH = YES;
				"CODE_SIGN_IDENTITY[sdk=iphoneos*]" = "iPhone Developer";
				COPY_PHASE_STRIP = NO;
				DEBUG_INFORMATION_FORMAT = "dwarf-with-dsym";
				ENABLE_STRICT_OBJC_MSGSEND = YES;
				GCC_C_LANGUAGE_STANDARD = gnu99;
				GCC_DYNAMIC_NO_PIC = NO;
				GCC_NO_COMMON_BLOCKS = YES;
				GCC_OPTIMIZATION_LEVEL = 0;
				GCC_PREPROCESSOR_DEFINITIONS = (
					"DEBUG=1",
					"$(inherited)",
				);
				GCC_SYMBOLS_PRIVATE_EXTERN = NO;
				GCC_WARN_64_TO_32_BIT_CONVERSION = YES;
				GCC_WARN_ABOUT_RETURN_TYPE = YES_ERROR;
				GCC_WARN_UNDECLARED_SELECTOR = YES;
				GCC_WARN_UNINITIALIZED_AUTOS = YES_AGGRESSIVE;
				GCC_WARN_UNUSED_FUNCTION = YES;
				GCC_WARN_UNUSED_VARIABLE = YES;
				IPHONEOS_DEPLOYMENT_TARGET = 8.3;
				MTL_ENABLE_DEBUG_INFO = YES;
				ONLY_ACTIVE_ARCH = YES;
				SDKROOT = iphoneos;
				SWIFT_OPTIMIZATION_LEVEL = "-Onone";
				TARGETED_DEVICE_FAMILY = "1,2";
			};
			name = Debug;
		};
		96122D301B14A9F30085D5CA /* Release */ = {
			isa = XCBuildConfiguration;
			buildSettings = {
				ALWAYS_SEARCH_USER_PATHS = NO;
				CLANG_CXX_LANGUAGE_STANDARD = "gnu++0x";
				CLANG_CXX_LIBRARY = "libc++";
				CLANG_ENABLE_MODULES = YES;
				CLANG_ENABLE_OBJC_ARC = YES;
				CLANG_WARN_BOOL_CONVERSION = YES;
				CLANG_WARN_CONSTANT_CONVERSION = YES;
				CLANG_WARN_DIRECT_OBJC_ISA_USAGE = YES_ERROR;
				CLANG_WARN_EMPTY_BODY = YES;
				CLANG_WARN_ENUM_CONVERSION = YES;
				CLANG_WARN_INT_CONVERSION = YES;
				CLANG_WARN_OBJC_ROOT_CLASS = YES_ERROR;
				CLANG_WARN_UNREACHABLE_CODE = YES;
				CLANG_WARN__DUPLICATE_METHOD_MATCH = YES;
				"CODE_SIGN_IDENTITY[sdk=iphoneos*]" = "iPhone Developer";
				COPY_PHASE_STRIP = NO;
				DEBUG_INFORMATION_FORMAT = "dwarf-with-dsym";
				ENABLE_NS_ASSERTIONS = NO;
				ENABLE_STRICT_OBJC_MSGSEND = YES;
				GCC_C_LANGUAGE_STANDARD = gnu99;
				GCC_NO_COMMON_BLOCKS = YES;
				GCC_WARN_64_TO_32_BIT_CONVERSION = YES;
				GCC_WARN_ABOUT_RETURN_TYPE = YES_ERROR;
				GCC_WARN_UNDECLARED_SELECTOR = YES;
				GCC_WARN_UNINITIALIZED_AUTOS = YES_AGGRESSIVE;
				GCC_WARN_UNUSED_FUNCTION = YES;
				GCC_WARN_UNUSED_VARIABLE = YES;
				IPHONEOS_DEPLOYMENT_TARGET = 8.3;
				MTL_ENABLE_DEBUG_INFO = NO;
				SDKROOT = iphoneos;
				TARGETED_DEVICE_FAMILY = "1,2";
				VALIDATE_PRODUCT = YES;
			};
			name = Release;
		};
		96122D321B14A9F30085D5CA /* Debug */ = {
			isa = XCBuildConfiguration;
			buildSettings = {
				ASSETCATALOG_COMPILER_APPICON_NAME = AppIcon;
				INFOPLIST_FILE = sheeps/Info.plist;
				IPHONEOS_DEPLOYMENT_TARGET = 8.2;
				LD_RUNPATH_SEARCH_PATHS = "$(inherited) @executable_path/Frameworks";
				PRODUCT_NAME = "$(TARGET_NAME)";
				TARGETED_DEVICE_FAMILY = "1,2";
			};
			name = Debug;
		};
		96122D331B14A9F30085D5CA /* Release */ = {
			isa = XCBuildConfiguration;
			buildSettings = {
				ASSETCATALOG_COMPILER_APPICON_NAME = AppIcon;
				INFOPLIST_FILE = sheeps/Info.plist;
				IPHONEOS_DEPLOYMENT_TARGET = 8.2;
				LD_RUNPATH_SEARCH_PATHS = "$(inherited) @executable_path/Frameworks";
				PRODUCT_NAME = "$(TARGET_NAME)";
				TARGETED_DEVICE_FAMILY = "1,2";
			};
			name = Release;
		};
		96122D351B14A9F30085D5CA /* Debug */ = {
			isa = XCBuildConfiguration;
			buildSettings = {
				BUNDLE_LOADER = "$(TEST_HOST)";
				FRAMEWORK_SEARCH_PATHS = (
					"$(SDKROOT)/Developer/Library/Frameworks",
					"$(inherited)",
				);
				GCC_PREPROCESSOR_DEFINITIONS = (
					"DEBUG=1",
					"$(inherited)",
				);
				INFOPLIST_FILE = sheepsTests/Info.plist;
				LD_RUNPATH_SEARCH_PATHS = "$(inherited) @executable_path/Frameworks @loader_path/Frameworks";
				PRODUCT_NAME = "$(TARGET_NAME)";
				TEST_HOST = "$(BUILT_PRODUCTS_DIR)/sheeps.app/sheeps";
			};
			name = Debug;
		};
		96122D361B14A9F30085D5CA /* Release */ = {
			isa = XCBuildConfiguration;
			buildSettings = {
				BUNDLE_LOADER = "$(TEST_HOST)";
				FRAMEWORK_SEARCH_PATHS = (
					"$(SDKROOT)/Developer/Library/Frameworks",
					"$(inherited)",
				);
				INFOPLIST_FILE = sheepsTests/Info.plist;
				LD_RUNPATH_SEARCH_PATHS = "$(inherited) @executable_path/Frameworks @loader_path/Frameworks";
				PRODUCT_NAME = "$(TARGET_NAME)";
				TEST_HOST = "$(BUILT_PRODUCTS_DIR)/sheeps.app/sheeps";
			};
			name = Release;
		};
/* End XCBuildConfiguration section */

/* Begin XCConfigurationList section */
		96122D0D1B14A9F20085D5CA /* Build configuration list for PBXProject "sheeps" */ = {
			isa = XCConfigurationList;
			buildConfigurations = (
				96122D2F1B14A9F30085D5CA /* Debug */,
				96122D301B14A9F30085D5CA /* Release */,
			);
			defaultConfigurationIsVisible = 0;
			defaultConfigurationName = Release;
		};
		96122D311B14A9F30085D5CA /* Build configuration list for PBXNativeTarget "sheeps" */ = {
			isa = XCConfigurationList;
			buildConfigurations = (
				96122D321B14A9F30085D5CA /* Debug */,
				96122D331B14A9F30085D5CA /* Release */,
			);
			defaultConfigurationIsVisible = 0;
			defaultConfigurationName = Release;
		};
		96122D341B14A9F30085D5CA /* Build configuration list for PBXNativeTarget "sheepsTests" */ = {
			isa = XCConfigurationList;
			buildConfigurations = (
				96122D351B14A9F30085D5CA /* Debug */,
				96122D361B14A9F30085D5CA /* Release */,
			);
			defaultConfigurationIsVisible = 0;
			defaultConfigurationName = Release;
		};
/* End XCConfigurationList section */
	};
	rootObject = 96122D0A1B14A9F20085D5CA /* Project object */;
}
